// !$*UTF8*$!
{
	archiveVersion = 1;
	classes = {
	};
	objectVersion = 46;
	objects = {

/* Begin PBXBuildFile section */
		EB6F28BE1CB372BA009F0EDE /* AppDelegate.m in Sources */ = {isa = PBXBuildFile; fileRef = EB6F28BD1CB372BA009F0EDE /* AppDelegate.m */; };
		EB6F28C11CB372BA009F0EDE /* main.m in Sources */ = {isa = PBXBuildFile; fileRef = EB6F28C01CB372BA009F0EDE /* main.m */; };
		EB6F28C41CB372BA009F0EDE /* ViewController.m in Sources */ = {isa = PBXBuildFile; fileRef = EB6F28C31CB372BA009F0EDE /* ViewController.m */; };
		EB6F28C61CB372BA009F0EDE /* Assets.xcassets in Resources */ = {isa = PBXBuildFile; fileRef = EB6F28C51CB372BA009F0EDE /* Assets.xcassets */; };
		EB6F28C91CB372BA009F0EDE /* Main.storyboard in Resources */ = {isa = PBXBuildFile; fileRef = EB6F28C71CB372BA009F0EDE /* Main.storyboard */; };
		EBA1DD481CB3731A00A26F76 /*  ModelProtocolMFile.xyz in Resources */ = {isa = PBXBuildFile; fileRef = EBA1DD441CB3731A00A26F76 /*  ModelProtocolMFile.xyz */; };
		EBA1DD491CB3731A00A26F76 /* HFile.xyz in Resources */ = {isa = PBXBuildFile; fileRef = EBA1DD451CB3731A00A26F76 /* HFile.xyz */; };
		EBA1DD4A1CB3731A00A26F76 /* MFile.xyz in Resources */ = {isa = PBXBuildFile; fileRef = EBA1DD461CB3731A00A26F76 /* MFile.xyz */; };
		EBA1DD4B1CB3731A00A26F76 /* ModelProtocolHFile.xyz in Resources */ = {isa = PBXBuildFile; fileRef = EBA1DD471CB3731A00A26F76 /* ModelProtocolHFile.xyz */; };
/* End PBXBuildFile section */

/* Begin PBXFileReference section */
		EB6F28B91CB372BA009F0EDE /* JsonConvertModelClass.app */ = {isa = PBXFileReference; explicitFileType = wrapper.application; includeInIndex = 0; path = JsonConvertModelClass.app; sourceTree = BUILT_PRODUCTS_DIR; };
		EB6F28BC1CB372BA009F0EDE /* AppDelegate.h */ = {isa = PBXFileReference; lastKnownFileType = sourcecode.c.h; path = AppDelegate.h; sourceTree = "<group>"; };
		EB6F28BD1CB372BA009F0EDE /* AppDelegate.m */ = {isa = PBXFileReference; lastKnownFileType = sourcecode.c.objc; path = AppDelegate.m; sourceTree = "<group>"; };
		EB6F28C01CB372BA009F0EDE /* main.m */ = {isa = PBXFileReference; lastKnownFileType = sourcecode.c.objc; path = main.m; sourceTree = "<group>"; };
		EB6F28C21CB372BA009F0EDE /* ViewController.h */ = {isa = PBXFileReference; lastKnownFileType = sourcecode.c.h; path = ViewController.h; sourceTree = "<group>"; };
		EB6F28C31CB372BA009F0EDE /* ViewController.m */ = {isa = PBXFileReference; lastKnownFileType = sourcecode.c.objc; path = ViewController.m; sourceTree = "<group>"; };
		EB6F28C51CB372BA009F0EDE /* Assets.xcassets */ = {isa = PBXFileReference; lastKnownFileType = folder.assetcatalog; path = Assets.xcassets; sourceTree = "<group>"; };
		EB6F28C81CB372BA009F0EDE /* Base */ = {isa = PBXFileReference; lastKnownFileType = file.storyboard; name = Base; path = Base.lproj/Main.storyboard; sourceTree = "<group>"; };
		EB6F28CA1CB372BA009F0EDE /* Info.plist */ = {isa = PBXFileReference; lastKnownFileType = text.plist.xml; path = Info.plist; sourceTree = "<group>"; };
		EBA1DD441CB3731A00A26F76 /*  ModelProtocolMFile.xyz */ = {isa = PBXFileReference; fileEncoding = 4; lastKnownFileType = text; path = " ModelProtocolMFile.xyz"; sourceTree = "<group>"; };
		EBA1DD451CB3731A00A26F76 /* HFile.xyz */ = {isa = PBXFileReference; fileEncoding = 4; lastKnownFileType = text; path = HFile.xyz; sourceTree = "<group>"; };
		EBA1DD461CB3731A00A26F76 /* MFile.xyz */ = {isa = PBXFileReference; fileEncoding = 4; lastKnownFileType = text; path = MFile.xyz; sourceTree = "<group>"; };
		EBA1DD471CB3731A00A26F76 /* ModelProtocolHFile.xyz */ = {isa = PBXFileReference; fileEncoding = 4; lastKnownFileType = text; path = ModelProtocolHFile.xyz; sourceTree = "<group>"; };
/* End PBXFileReference section */

/* Begin PBXFrameworksBuildPhase section */
		EB6F28B61CB372BA009F0EDE /* Frameworks */ = {
			isa = PBXFrameworksBuildPhase;
			buildActionMask = 2147483647;
			files = (
			);
			runOnlyForDeploymentPostprocessing = 0;
		};
/* End PBXFrameworksBuildPhase section */

/* Begin PBXGroup section */
		EB6F28B01CB372BA009F0EDE = {
			isa = PBXGroup;
			children = (
				EB6F28BB1CB372BA009F0EDE /* JsonConvertModelClass */,
				EB6F28BA1CB372BA009F0EDE /* Products */,
			);
			sourceTree = "<group>";
		};
		EB6F28BA1CB372BA009F0EDE /* Products */ = {
			isa = PBXGroup;
			children = (
				EB6F28B91CB372BA009F0EDE /* JsonConvertModelClass.app */,
			);
			name = Products;
			sourceTree = "<group>";
		};
		EB6F28BB1CB372BA009F0EDE /* JsonConvertModelClass */ = {
			isa = PBXGroup;
			children = (
				EB6F28BC1CB372BA009F0EDE /* AppDelegate.h */,
				EB6F28BD1CB372BA009F0EDE /* AppDelegate.m */,
				EB6F28C21CB372BA009F0EDE /* ViewController.h */,
				EB6F28C31CB372BA009F0EDE /* ViewController.m */,
				EB6F28C51CB372BA009F0EDE /* Assets.xcassets */,
				EB6F28C71CB372BA009F0EDE /* Main.storyboard */,
				EB6F28CA1CB372BA009F0EDE /* Info.plist */,
				EB6F28BF1CB372BA009F0EDE /* Supporting Files */,
			);
			path = JsonConvertModelClass;
			sourceTree = "<group>";
		};
		EB6F28BF1CB372BA009F0EDE /* Supporting Files */ = {
			isa = PBXGroup;
			children = (
				EBA1DD441CB3731A00A26F76 /*  ModelProtocolMFile.xyz */,
				EBA1DD451CB3731A00A26F76 /* HFile.xyz */,
				EBA1DD461CB3731A00A26F76 /* MFile.xyz */,
				EBA1DD471CB3731A00A26F76 /* ModelProtocolHFile.xyz */,
				EB6F28C01CB372BA009F0EDE /* main.m */,
			);
			name = "Supporting Files";
			sourceTree = "<group>";
		};
/* End PBXGroup section */

/* Begin PBXNativeTarget section */
		EB6F28B81CB372BA009F0EDE /* JsonConvertModelClass */ = {
			isa = PBXNativeTarget;
			buildConfigurationList = EB6F28CD1CB372BA009F0EDE /* Build configuration list for PBXNativeTarget "JsonConvertModelClass" */;
			buildPhases = (
				EB6F28B51CB372BA009F0EDE /* Sources */,
				EB6F28B61CB372BA009F0EDE /* Frameworks */,
				EB6F28B71CB372BA009F0EDE /* Resources */,
			);
			buildRules = (
			);
			dependencies = (
			);
			name = JsonConvertModelClass;
			productName = JsonConvertModelClass;
			productReference = EB6F28B91CB372BA009F0EDE /* JsonConvertModelClass.app */;
			productType = "com.apple.product-type.application";
		};
/* End PBXNativeTarget section */

/* Begin PBXProject section */
		EB6F28B11CB372BA009F0EDE /* Project object */ = {
			isa = PBXProject;
			attributes = {
				LastUpgradeCheck = 0720;
				ORGANIZATIONNAME = MWeit;
				TargetAttributes = {
					EB6F28B81CB372BA009F0EDE = {
						CreatedOnToolsVersion = 7.2.1;
					};
				};
			};
			buildConfigurationList = EB6F28B41CB372BA009F0EDE /* Build configuration list for PBXProject "JsonConvertModelClass" */;
			compatibilityVersion = "Xcode 3.2";
			developmentRegion = English;
			hasScannedForEncodings = 0;
			knownRegions = (
				en,
				Base,
			);
			mainGroup = EB6F28B01CB372BA009F0EDE;
			productRefGroup = EB6F28BA1CB372BA009F0EDE /* Products */;
			projectDirPath = "";
			projectRoot = "";
			targets = (
				EB6F28B81CB372BA009F0EDE /* JsonConvertModelClass */,
			);
		};
/* End PBXProject section */

/* Begin PBXResourcesBuildPhase section */
		EB6F28B71CB372BA009F0EDE /* Resources */ = {
			isa = PBXResourcesBuildPhase;
			buildActionMask = 2147483647;
			files = (
				EB6F28C61CB372BA009F0EDE /* Assets.xcassets in Resources */,
				EB6F28C91CB372BA009F0EDE /* Main.storyboard in Resources */,
				EBA1DD491CB3731A00A26F76 /* HFile.xyz in Resources */,
				EBA1DD481CB3731A00A26F76 /*  ModelProtocolMFile.xyz in Resources */,
				EBA1DD4B1CB3731A00A26F76 /* ModelProtocolHFile.xyz in Resources */,
				EBA1DD4A1CB3731A00A26F76 /* MFile.xyz in Resources */,
			);
			runOnlyForDeploymentPostprocessing = 0;
		};
/* End PBXResourcesBuildPhase section */

/* Begin PBXSourcesBuildPhase section */
		EB6F28B51CB372BA009F0EDE /* Sources */ = {
			isa = PBXSourcesBuildPhase;
			buildActionMask = 2147483647;
			files = (
				EB6F28C41CB372BA009F0EDE /* ViewController.m in Sources */,
				EB6F28C11CB372BA009F0EDE /* main.m in Sources */,
				EB6F28BE1CB372BA009F0EDE /* AppDelegate.m in Sources */,
			);
			runOnlyForDeploymentPostprocessing = 0;
		};
/* End PBXSourcesBuildPhase section */

/* Begin PBXVariantGroup section */
		EB6F28C71CB372BA009F0EDE /* Main.storyboard */ = {
			isa = PBXVariantGroup;
			children = (
				EB6F28C81CB372BA009F0EDE /* Base */,
			);
			name = Main.storyboard;
			sourceTree = "<group>";
		};
/* End PBXVariantGroup section */

/* Begin XCBuildConfiguration section */
		EB6F28CB1CB372BA009F0EDE /* Debug */ = {
			isa = XCBuildConfiguration;
			buildSettings = {
				ALWAYS_SEARCH_USER_PATHS = NO;
				CLANG_CXX_LANGUAGE_STANDARD = "gnu++0x";
				CLANG_CXX_LIBRARY = "libc++";
				CLANG_ENABLE_MODULES = YES;
				CLANG_ENABLE_OBJC_ARC = YES;
				CLANG_WARN_BOOL_CONVERSION = YES;
				CLANG_WARN_CONSTANT_CONVERSION = YES;
				CLANG_WARN_DIRECT_OBJC_ISA_USAGE = YES_ERROR;
				CLANG_WARN_EMPTY_BODY = YES;
				CLANG_WARN_ENUM_CONVERSION = YES;
				CLANG_WARN_INT_CONVERSION = YES;
				CLANG_WARN_OBJC_ROOT_CLASS = YES_ERROR;
				CLANG_WARN_UNREACHABLE_CODE = YES;
				CLANG_WARN__DUPLICATE_METHOD_MATCH = YES;
				CODE_SIGN_IDENTITY = "-";
				COPY_PHASE_STRIP = NO;
				DEBUG_INFORMATION_FORMAT = dwarf;
				ENABLE_STRICT_OBJC_MSGSEND = YES;
				ENABLE_TESTABILITY = YES;
				GCC_C_LANGUAGE_STANDARD = gnu99;
				GCC_DYNAMIC_NO_PIC = NO;
				GCC_NO_COMMON_BLOCKS = YES;
				GCC_OPTIMIZATION_LEVEL = 0;
				GCC_PREPROCESSOR_DEFINITIONS = (
					"DEBUG=1",
					"$(inherited)",
				);
				GCC_WARN_64_TO_32_BIT_CONVERSION = YES;
				GCC_WARN_ABOUT_RETURN_TYPE = YES_ERROR;
				GCC_WARN_UNDECLARED_SELECTOR = YES;
				GCC_WARN_UNINITIALIZED_AUTOS = YES_AGGRESSIVE;
				GCC_WARN_UNUSED_FUNCTION = YES;
				GCC_WARN_UNUSED_VARIABLE = YES;
				MACOSX_DEPLOYMENT_TARGET = 10.10;
				MTL_ENABLE_DEBUG_INFO = YES;
				ONLY_ACTIVE_ARCH = YES;
				SDKROOT = macosx;
			};
			name = Debug;
		};
		EB6F28CC1CB372BA009F0EDE /* Release */ = {
			isa = XCBuildConfiguration;
			buildSettings = {
				ALWAYS_SEARCH_USER_PATHS = NO;
				CLANG_CXX_LANGUAGE_STANDARD = "gnu++0x";
				CLANG_CXX_LIBRARY = "libc++";
				CLANG_ENABLE_MODULES = YES;
				CLANG_ENABLE_OBJC_ARC = YES;
				CLANG_WARN_BOOL_CONVERSION = YES;
				CLANG_WARN_CONSTANT_CONVERSION = YES;
				CLANG_WARN_DIRECT_OBJC_ISA_USAGE = YES_ERROR;
				CLANG_WARN_EMPTY_BODY = YES;
				CLANG_WARN_ENUM_CONVERSION = YES;
				CLANG_WARN_INT_CONVERSION = YES;
				CLANG_WARN_OBJC_ROOT_CLASS = YES_ERROR;
				CLANG_WARN_UNREACHABLE_CODE = YES;
				CLANG_WARN__DUPLICATE_METHOD_MATCH = YES;
				CODE_SIGN_IDENTITY = "-";
				COPY_PHASE_STRIP = NO;
				DEBUG_INFORMATION_FORMAT = "dwarf-with-dsym";
				ENABLE_NS_ASSERTIONS = NO;
				ENABLE_STRICT_OBJC_MSGSEND = YES;
				GCC_C_LANGUAGE_STANDARD = gnu99;
				GCC_NO_COMMON_BLOCKS = YES;
				GCC_WARN_64_TO_32_BIT_CONVERSION = YES;
				GCC_WARN_ABOUT_RETURN_TYPE = YES_ERROR;
				GCC_WARN_UNDECLARED_SELECTOR = YES;
				GCC_WARN_UNINITIALIZED_AUTOS = YES_AGGRESSIVE;
				GCC_WARN_UNUSED_FUNCTION = YES;
				GCC_WARN_UNUSED_VARIABLE = YES;
				MACOSX_DEPLOYMENT_TARGET = 10.10;
				MTL_ENABLE_DEBUG_INFO = NO;
				SDKROOT = macosx;
			};
			name = Release;
		};
		EB6F28CE1CB372BA009F0EDE /* Debug */ = {
			isa = XCBuildConfiguration;
			buildSettings = {
				ASSETCATALOG_COMPILER_APPICON_NAME = AppIcon;
				COMBINE_HIDPI_IMAGES = YES;
				INFOPLIST_FILE = JsonConvertModelClass/Info.plist;
				LD_RUNPATH_SEARCH_PATHS = "$(inherited) @executable_path/../Frameworks";
				PRODUCT_BUNDLE_IDENTIFIER = com.tenann.JsonConvertModelClass;
				PRODUCT_NAME = "$(TARGET_NAME)";
			};
			name = Debug;
		};
		EB6F28CF1CB372BA009F0EDE /* Release */ = {
			isa = XCBuildConfiguration;
			buildSettings = {
				ASSETCATALOG_COMPILER_APPICON_NAME = AppIcon;
				COMBINE_HIDPI_IMAGES = YES;
				INFOPLIST_FILE = JsonConvertModelClass/Info.plist;
				LD_RUNPATH_SEARCH_PATHS = "$(inherited) @executable_path/../Frameworks";
				PRODUCT_BUNDLE_IDENTIFIER = com.tenann.JsonConvertModelClass;
				PRODUCT_NAME = "$(TARGET_NAME)";
			};
			name = Release;
		};
/* End XCBuildConfiguration section */

/* Begin XCConfigurationList section */
		EB6F28B41CB372BA009F0EDE /* Build configuration list for PBXProject "JsonConvertModelClass" */ = {
			isa = XCConfigurationList;
			buildConfigurations = (
				EB6F28CB1CB372BA009F0EDE /* Debug */,
				EB6F28CC1CB372BA009F0EDE /* Release */,
			);
			defaultConfigurationIsVisible = 0;
			defaultConfigurationName = Release;
		};
		EB6F28CD1CB372BA009F0EDE /* Build configuration list for PBXNativeTarget "JsonConvertModelClass" */ = {
			isa = XCConfigurationList;
			buildConfigurations = (
				EB6F28CE1CB372BA009F0EDE /* Debug */,
				EB6F28CF1CB372BA009F0EDE /* Release */,
			);
			defaultConfigurationIsVisible = 0;
			defaultConfigurationName = Release;
		};
/* End XCConfigurationList section */
	};
	rootObject = EB6F28B11CB372BA009F0EDE /* Project object */;
}
